# THIS IS AN AUTOGENERATED FILE. DO NOT EDIT THIS FILE DIRECTLY.
# yarn lockfile v1


"@grafana/plugin-e2e@^1.8.3":
  version "1.8.3"
  resolved "https://registry.npmjs.org/@grafana/plugin-e2e/-/plugin-e2e-1.8.3.tgz"
  integrity sha512-mPZXmMEP1gVAzD0ZYxMKQu40NRU7gHI9Eol/iKkHOBNT2NGsfmBRxDsBDuYKerizeYAtpA/pcEMJxYXez5/5Cg==
  dependencies:
    semver "^7.5.4"
    uuid "^10.0.0"
    yaml "^2.3.4"

"@playwright/test@^1.42.1":
  version "1.47.2"
  resolved "https://registry.npmjs.org/@playwright/test/-/test-1.47.2.tgz"
  integrity sha512-jTXRsoSPONAs8Za9QEQdyjFn+0ZQFjCiIztAIF6bi1HqhBzG9Ma7g1WotyiGqFSBRZjIEqMdT8RUlbk1QVhzCQ==
  dependencies:
    playwright "1.47.2"

fsevents@2.3.2:
  version "2.3.2"
  resolved "https://registry.npmjs.org/fsevents/-/fsevents-2.3.2.tgz"
  integrity sha512-xiqMQR4xAeHTuB9uWm+fFRcIOgKBMiOBP+eXiyT7jsgVCq1bkVygt00oASowB7EdtpOHaaPgKt812P9ab+DDKA==

playwright-core@1.47.2:
  version "1.47.2"
  resolved "https://registry.npmjs.org/playwright-core/-/playwright-core-1.47.2.tgz"
  integrity sha512-3JvMfF+9LJfe16l7AbSmU555PaTl2tPyQsVInqm3id16pdDfvZ8TTZ/pyzmkbDrZTQefyzU7AIHlZqQnxpqHVQ==

playwright@1.47.2, playwright@^1.42.1:
  version "1.47.2"
  resolved "https://registry.npmjs.org/playwright/-/playwright-1.47.2.tgz"
  integrity sha512-nx1cLMmQWqmA3UsnjaaokyoUpdVaaDhJhMoxX2qj3McpjnsqFHs516QAKYhqHAgOP+oCFTEOCOAaD1RgD/RQfA==
  dependencies:
    playwright-core "1.47.2"
  optionalDependencies:
    fsevents "2.3.2"

semver@^7.5.4:
  version "7.6.3"
  resolved "https://registry.npmjs.org/semver/-/semver-7.6.3.tgz"
  integrity sha512-oVekP1cKtI+CTDvHWYFUcMtsK/00wmAEfyqKfNdARm8u1wNVhSgaX7A8d4UuIlUI5e84iEwOhs7ZPYRmzU9U6A==

uuid@^10.0.0:
  version "10.0.0"
  resolved "https://registry.npmjs.org/uuid/-/uuid-10.0.0.tgz"
  integrity sha512-8XkAphELsDnEGrDxUOHB3RGvXz6TeuYSGEZBOjtTtPm2lwhGBjLgOzLHB63IUWfBpNucQjND6d3AOudO+H3RWQ==

yaml@^2.3.4:
  version "2.5.1"
  resolved "https://registry.npmjs.org/yaml/-/yaml-2.5.1.tgz"
  integrity sha512-bLQOjaX/ADgQ20isPJRvF0iRUHIxVhYvr53Of7wGcWlO2jvtUlH5m87DsmulFVxRpNLOnI4tB6p/oh8D7kpn9Q==
