{
  "version": 4,
  "terraform_version": "1.4.3",
  "serial": 52,
  "lineage": "447ae6fa-5592-a77f-beff-35ddc01fa366",
  "outputs": {},
  "resources": [
    {
      "mode": "data",
      "type": "archive_file",
      "name": "cleanup_src",
      "provider": "provider[\"registry.terraform.io/hashicorp/archive\"]",
      "instances": [
        {
          "schema_version": 0,
          "attributes": {
            "exclude_symlink_directories": null,
            "excludes": null,
            "id": "f73019179a8a7209ce38f5ac95138ed825bb53a5",
            "output_base64sha256": "59t36PqNMXwCWbOnAezVKQ2jLsoW4SM3QqFD8OA43Qw=",
            "output_base64sha512": "QOkKiGNC/6WbYL7I1XSNKCJqq2MBEDbt438C8iaS3AyKjARmDcKOYdJoemRV/SJXzxDXmFBOhjaicNZmDIL+GA==",
            "output_file_mode": null,
            "output_md5": "4c1641ee768f02cc5f4fb0276b455786",
            "output_path": "/tmp/cleanup_func.zip",
            "output_sha": "f73019179a8a7209ce38f5ac95138ed825bb53a5",
            "output_sha256": "e7db77e8fa8d317c0259b3a701ecd5290da32eca16e1233742a143f0e038dd0c",
            "output_sha512": "40e90a886342ffa59b60bec8d5748d28226aab63011036ede37f02f22692dc0c8a8c04660dc28e61d2687a6455fd2257cf10d798504e8636a270d6660c82fe18",
            "output_size": 10173,
            "source": [],
            "source_content": null,
            "source_content_filename": null,
            "source_dir": "cleanup_func",
            "source_file": null,
            "type": "zip"
          },
          "sensitive_attributes": []
        }
      ]
    },
    {
      "mode": "managed",
      "type": "google_cloud_scheduler_job",
      "name": "cleanup_job",
      "provider": "provider[\"registry.terraform.io/hashicorp/google\"]",
      "instances": [
        {
          "schema_version": 0,
          "attributes": {
            "app_engine_http_target": [],
            "attempt_deadline": "320s",
            "description": "Trigger the cleanup_func hourly",
            "http_target": [
              {
                "body": "",
                "headers": {},
                "http_method": "GET",
                "oauth_token": [],
                "oidc_token": [],
                "uri": "https://us-central1-grafana-bench.cloudfunctions.net/cleanup_func"
              }
            ],
            "id": "projects/grafana-bench/locations/us-central1/jobs/cleanup-job-schedule",
            "name": "cleanup-job-schedule",
            "paused": false,
            "project": "grafana-bench",
            "pubsub_target": [],
            "region": "us-central1",
            "retry_config": [],
            "schedule": "* * * * *",
            "state": "ENABLED",
            "time_zone": "America/Anchorage",
            "timeouts": null
          },
          "sensitive_attributes": [],
          "private": "eyJlMmJmYjczMC1lY2FhLTExZTYtOGY4OC0zNDM2M2JjN2M0YzAiOnsiY3JlYXRlIjoxMjAwMDAwMDAwMDAwLCJkZWxldGUiOjEyMDAwMDAwMDAwMDAsInVwZGF0ZSI6MTIwMDAwMDAwMDAwMH19",
          "dependencies": [
            "google_cloudfunctions_function.cleanup_function"
          ]
        }
      ]
    },
    {
      "mode": "managed",
      "type": "google_cloudfunctions_function",
      "name": "cleanup_function",
      "provider": "provider[\"registry.terraform.io/hashicorp/google\"]",
      "instances": [
        {
          "schema_version": 0,
          "attributes": {
            "available_memory_mb": 128,
            "build_environment_variables": null,
            "build_worker_pool": "",
            "description": "",
            "docker_registry": "CONTAINER_REGISTRY",
            "docker_repository": "",
            "entry_point": "RunClean",
            "environment_variables": {
              "PROJECT_ID": "grafana-bench",
              "REGION": "us-central1",
              "ZONE": "us-central1-c"
            },
            "event_trigger": [],
            "https_trigger_security_level": "SECURE_OPTIONAL",
            "https_trigger_url": "https://us-central1-grafana-bench.cloudfunctions.net/cleanup_func",
            "id": "projects/grafana-bench/locations/us-central1/functions/cleanup_func",
            "ingress_settings": "ALLOW_ALL",
            "kms_key_name": "",
            "labels": {},
            "max_instances": 0,
            "min_instances": 0,
            "name": "cleanup_func",
            "project": "grafana-bench",
            "region": "us-central1",
            "runtime": "go120",
            "secret_environment_variables": [],
            "secret_volumes": [],
            "service_account_email": "grafana-bench@appspot.gserviceaccount.com",
            "source_archive_bucket": "bench-infra",
            "source_archive_object": "4c1641ee768f02cc5f4fb0276b455786.zip",
            "source_repository": [],
            "status": "ACTIVE",
            "timeout": 360,
            "timeouts": null,
            "trigger_http": true,
            "vpc_connector": "",
            "vpc_connector_egress_settings": ""
          },
          "sensitive_attributes": [],
          "private": "eyJlMmJmYjczMC1lY2FhLTExZTYtOGY4OC0zNDM2M2JjN2M0YzAiOnsiY3JlYXRlIjozMDAwMDAwMDAwMDAsImRlbGV0ZSI6MzAwMDAwMDAwMDAwLCJyZWFkIjozMDAwMDAwMDAwMDAsInVwZGF0ZSI6MzAwMDAwMDAwMDAwfX0=",
          "dependencies": [
            "data.archive_file.cleanup_src",
            "google_storage_bucket.infra_bucket"
          ]
        }
      ]
    },
    {
      "mode": "managed",
      "type": "google_cloudfunctions_function_iam_member",
      "name": "invoker",
      "provider": "provider[\"registry.terraform.io/hashicorp/google\"]",
      "instances": [
        {
          "schema_version": 0,
          "attributes": {
            "cloud_function": "projects/grafana-bench/locations/us-central1/functions/cleanup_func",
            "condition": [],
            "etag": "BwYBB96xqG4=",
            "id": "projects/grafana-bench/locations/us-central1/functions/cleanup_func/roles/cloudfunctions.invoker/allUsers",
            "member": "allUsers",
            "project": "grafana-bench",
            "region": "us-central1",
            "role": "roles/cloudfunctions.invoker"
          },
          "sensitive_attributes": [],
          "private": "bnVsbA==",
          "dependencies": [
            "google_cloudfunctions_function.cleanup_function"
          ]
        }
      ]
    },
    {
      "mode": "managed",
      "type": "google_compute_network",
      "name": "vpc_network",
      "provider": "provider[\"registry.terraform.io/hashicorp/google\"]",
      "instances": [
        {
          "schema_version": 0,
          "attributes": {
            "auto_create_subnetworks": true,
            "delete_default_routes_on_create": false,
            "description": "",
            "enable_ula_internal_ipv6": false,
            "gateway_ipv4": "",
            "id": "projects/grafana-bench/global/networks/vm-network",
            "internal_ipv6_range": "",
            "mtu": 0,
            "name": "vm-network",
            "network_firewall_policy_enforcement_order": "AFTER_CLASSIC_FIREWALL",
            "project": "grafana-bench",
            "routing_mode": "REGIONAL",
            "self_link": "https://www.googleapis.com/compute/v1/projects/grafana-bench/global/networks/vm-network",
            "timeouts": null
          },
          "sensitive_attributes": [],
          "private": "eyJlMmJmYjczMC1lY2FhLTExZTYtOGY4OC0zNDM2M2JjN2M0YzAiOnsiY3JlYXRlIjoxMjAwMDAwMDAwMDAwLCJkZWxldGUiOjEyMDAwMDAwMDAwMDAsInVwZGF0ZSI6MTIwMDAwMDAwMDAwMH19"
        }
      ]
    },
    {
      "mode": "managed",
      "type": "google_service_account",
      "name": "cleanup_function_service_account",
      "provider": "provider[\"registry.terraform.io/hashicorp/google\"]",
      "instances": [
        {
          "schema_version": 0,
          "attributes": {
            "account_id": "cleanup-sa",
            "description": "service account for cleaning up project resources",
            "disabled": false,
            "display_name": "cleanup function service account",
            "email": "cleanup-sa@grafana-bench.iam.gserviceaccount.com",
            "id": "projects/grafana-bench/serviceAccounts/cleanup-sa@grafana-bench.iam.gserviceaccount.com",
            "member": "serviceAccount:cleanup-sa@grafana-bench.iam.gserviceaccount.com",
            "name": "projects/grafana-bench/serviceAccounts/cleanup-sa@grafana-bench.iam.gserviceaccount.com",
            "project": "grafana-bench",
            "timeouts": null,
            "unique_id": "113934898860339242005"
          },
          "sensitive_attributes": [],
          "private": "eyJlMmJmYjczMC1lY2FhLTExZTYtOGY4OC0zNDM2M2JjN2M0YzAiOnsiY3JlYXRlIjozMDAwMDAwMDAwMDB9fQ=="
        }
      ]
    },
    {
      "mode": "managed",
      "type": "google_storage_bucket",
      "name": "bench_builds",
      "provider": "provider[\"registry.terraform.io/hashicorp/google\"]",
      "instances": [
        {
          "schema_version": 0,
          "attributes": {
            "autoclass": [],
            "cors": [],
            "custom_placement_config": [],
            "default_event_based_hold": false,
            "encryption": [],
            "force_destroy": false,
            "id": "bench-builds",
            "labels": {},
            "lifecycle_rule": [
              {
                "action": [
                  {
                    "storage_class": "",
                    "type": "AbortIncompleteMultipartUpload"
                  }
                ],
                "condition": [
                  {
                    "age": 1,
                    "created_before": "",
                    "custom_time_before": "",
                    "days_since_custom_time": 0,
                    "days_since_noncurrent_time": 0,
                    "matches_prefix": [],
                    "matches_storage_class": [],
                    "matches_suffix": [],
                    "noncurrent_time_before": "",
                    "num_newer_versions": 0,
                    "with_state": "ANY"
                  }
                ]
              }
            ],
            "location": "US",
            "logging": [],
            "name": "bench-builds",
            "project": "grafana-bench",
            "public_access_prevention": "inherited",
            "requester_pays": false,
            "retention_policy": [],
            "self_link": "https://www.googleapis.com/storage/v1/b/bench-builds",
            "storage_class": "STANDARD",
            "timeouts": null,
            "uniform_bucket_level_access": true,
            "url": "gs://bench-builds",
            "versioning": [],
            "website": []
          },
          "sensitive_attributes": [],
          "private": "eyJlMmJmYjczMC1lY2FhLTExZTYtOGY4OC0zNDM2M2JjN2M0YzAiOnsiY3JlYXRlIjo2MDAwMDAwMDAwMDAsInJlYWQiOjI0MDAwMDAwMDAwMCwidXBkYXRlIjoyNDAwMDAwMDAwMDB9fQ=="
        }
      ]
    },
    {
      "mode": "managed",
      "type": "google_storage_bucket",
      "name": "bench_vms",
      "provider": "provider[\"registry.terraform.io/hashicorp/google\"]",
      "instances": [
        {
          "schema_version": 0,
          "attributes": {
            "autoclass": [],
            "cors": [],
            "custom_placement_config": [],
            "default_event_based_hold": false,
            "encryption": [],
            "force_destroy": false,
            "id": "bench-vms",
            "labels": {},
            "lifecycle_rule": [
              {
                "action": [
                  {
                    "storage_class": "",
                    "type": "AbortIncompleteMultipartUpload"
                  }
                ],
                "condition": [
                  {
                    "age": 1,
                    "created_before": "",
                    "custom_time_before": "",
                    "days_since_custom_time": 0,
                    "days_since_noncurrent_time": 0,
                    "matches_prefix": [],
                    "matches_storage_class": [],
                    "matches_suffix": [],
                    "noncurrent_time_before": "",
                    "num_newer_versions": 0,
                    "with_state": "ANY"
                  }
                ]
              }
            ],
            "location": "US",
            "logging": [],
            "name": "bench-vms",
            "project": "grafana-bench",
            "public_access_prevention": "inherited",
            "requester_pays": false,
            "retention_policy": [],
            "self_link": "https://www.googleapis.com/storage/v1/b/bench-vms",
            "storage_class": "STANDARD",
            "timeouts": null,
            "uniform_bucket_level_access": true,
            "url": "gs://bench-vms",
            "versioning": [
              {
                "enabled": true
              }
            ],
            "website": []
          },
          "sensitive_attributes": [],
          "private": "eyJlMmJmYjczMC1lY2FhLTExZTYtOGY4OC0zNDM2M2JjN2M0YzAiOnsiY3JlYXRlIjo2MDAwMDAwMDAwMDAsInJlYWQiOjI0MDAwMDAwMDAwMCwidXBkYXRlIjoyNDAwMDAwMDAwMDB9fQ=="
        }
      ]
    },
    {
      "mode": "managed",
      "type": "google_storage_bucket",
      "name": "infra_bucket",
      "provider": "provider[\"registry.terraform.io/hashicorp/google\"]",
      "instances": [
        {
          "schema_version": 0,
          "attributes": {
            "autoclass": [],
            "cors": [],
            "custom_placement_config": [],
            "default_event_based_hold": false,
            "encryption": [],
            "force_destroy": false,
            "id": "bench-infra",
            "labels": {},
            "lifecycle_rule": [],
            "location": "US",
            "logging": [],
            "name": "bench-infra",
            "project": "grafana-bench",
            "public_access_prevention": "inherited",
            "requester_pays": false,
            "retention_policy": [],
            "self_link": "https://www.googleapis.com/storage/v1/b/bench-infra",
            "storage_class": "STANDARD",
            "timeouts": null,
            "uniform_bucket_level_access": false,
            "url": "gs://bench-infra",
            "versioning": [],
            "website": []
          },
          "sensitive_attributes": [],
          "private": "eyJlMmJmYjczMC1lY2FhLTExZTYtOGY4OC0zNDM2M2JjN2M0YzAiOnsiY3JlYXRlIjo2MDAwMDAwMDAwMDAsInJlYWQiOjI0MDAwMDAwMDAwMCwidXBkYXRlIjoyNDAwMDAwMDAwMDB9fQ=="
        }
      ]
    },
    {
      "mode": "managed",
      "type": "google_storage_bucket_iam_binding",
      "name": "build_storage_owner",
      "provider": "provider[\"registry.terraform.io/hashicorp/google\"]",
      "instances": [
        {
          "schema_version": 0,
          "attributes": {
            "bucket": "b/bench-builds",
            "condition": [],
            "etag": "CAI=",
            "id": "b/bench-builds/roles/storage.admin",
            "members": [
              "serviceAccount:infra-manager@grafana-bench.iam.gserviceaccount.com"
            ],
            "role": "roles/storage.admin"
          },
          "sensitive_attributes": [],
          "private": "bnVsbA==",
          "dependencies": [
            "google_storage_bucket.bench_builds"
          ]
        }
      ]
    },
    {
      "mode": "managed",
      "type": "google_storage_bucket_iam_binding",
      "name": "vm_state_owner",
      "provider": "provider[\"registry.terraform.io/hashicorp/google\"]",
      "instances": [
        {
          "schema_version": 0,
          "attributes": {
            "bucket": "b/bench-vms",
            "condition": [],
            "etag": "CAI=",
            "id": "b/bench-vms/roles/storage.admin",
            "members": [
              "serviceAccount:infra-manager@grafana-bench.iam.gserviceaccount.com"
            ],
            "role": "roles/storage.admin"
          },
          "sensitive_attributes": [],
          "private": "bnVsbA==",
          "dependencies": [
            "google_storage_bucket.bench_vms"
          ]
        }
      ]
    },
    {
      "mode": "managed",
      "type": "google_storage_bucket_object",
      "name": "archive",
      "provider": "provider[\"registry.terraform.io/hashicorp/google\"]",
      "instances": [
        {
          "schema_version": 0,
          "attributes": {
            "bucket": "bench-infra",
            "cache_control": "",
            "content": null,
            "content_disposition": "",
            "content_encoding": "",
            "content_language": "",
            "content_type": "application/zip",
            "crc32c": "p+KNeA==",
            "customer_encryption": [],
            "detect_md5hash": "TBZB7naPAsxfT7Ana0VXhg==",
            "event_based_hold": false,
            "id": "bench-infra-4c1641ee768f02cc5f4fb0276b455786.zip",
            "kms_key_name": "",
            "md5hash": "TBZB7naPAsxfT7Ana0VXhg==",
            "media_link": "https://storage.googleapis.com/download/storage/v1/b/bench-infra/o/4c1641ee768f02cc5f4fb0276b455786.zip?generation=1689982760635398\u0026alt=media",
            "metadata": {},
            "name": "4c1641ee768f02cc5f4fb0276b455786.zip",
            "output_name": "4c1641ee768f02cc5f4fb0276b455786.zip",
            "self_link": "https://www.googleapis.com/storage/v1/b/bench-infra/o/4c1641ee768f02cc5f4fb0276b455786.zip",
            "source": "/tmp/cleanup_func.zip",
            "storage_class": "STANDARD",
            "temporary_hold": false,
            "timeouts": null
          },
          "sensitive_attributes": [],
          "private": "eyJlMmJmYjczMC1lY2FhLTExZTYtOGY4OC0zNDM2M2JjN2M0YzAiOnsiY3JlYXRlIjoyNDAwMDAwMDAwMDAsImRlbGV0ZSI6MjQwMDAwMDAwMDAwLCJ1cGRhdGUiOjI0MDAwMDAwMDAwMH19",
          "dependencies": [
            "data.archive_file.cleanup_src",
            "google_storage_bucket.infra_bucket"
          ]
        }
      ]
    }
  ],
  "check_results": null
}
