# THIS IS AN AUTOGENERATED FILE. DO NOT EDIT THIS FILE DIRECTLY.
# yarn lockfile v1


"@grafana/e2e-selectors@^11.6.0-226761":
  version "11.6.0-228096"
  resolved "https://registry.yarnpkg.com/@grafana/e2e-selectors/-/e2e-selectors-11.6.0-228096.tgz#60a820177712b699c66924176ebff5eb36a0d7dd"
  integrity sha512-7SItTl/p8jL5aEIjjA/VuJf/6Tl3dURGrFbanEO1MCLCx1JLY/mod63jLao1J9tx1iop8ZDsfjEJXZOpsPHC6w==
  dependencies:
    "@grafana/tsconfig" "^2.0.0"
    semver "^7.7.0"
    tslib "2.8.1"
    typescript "5.7.3"

"@grafana/plugin-e2e@^1.8.3":
  version "1.18.3"
  resolved "https://registry.yarnpkg.com/@grafana/plugin-e2e/-/plugin-e2e-1.18.3.tgz#13cabbef8c89755a3a2ecc4cbf002270544cf047"
  integrity sha512-iWDcPrMivW31BITD29V+Iu/phZdQ0zpFOvuIvHbt5+eK5W4ojo1J0b3YMNpqGL9oJVx16eqQFmj/l/5WkgrppQ==
  dependencies:
    "@grafana/e2e-selectors" "^11.6.0-226761"
    semver "^7.5.4"
    uuid "^11.0.2"
    yaml "^2.3.4"

"@grafana/tsconfig@^2.0.0":
  version "2.0.0"
  resolved "https://registry.yarnpkg.com/@grafana/tsconfig/-/tsconfig-2.0.0.tgz#277aba907ddbe0301dc37248923e6bd2b68f5151"
  integrity sha512-cxC3Htv/GidI5FeVGAzj/lYZTMMz/Cfsc8VOQFO3Ichjx3hUjyjeoBUIpVSVMnIjKUdA5ycdxtMYPHIuIrk8+A==

"@playwright/test@^1.42.1":
  version "1.50.1"
  resolved "https://registry.yarnpkg.com/@playwright/test/-/test-1.50.1.tgz#027d00ca77ec79688764eb765cfe9a688807bf0b"
  integrity sha512-Jii3aBg+CEDpgnuDxEp/h7BimHcUTDlpEtce89xEumlJ5ef2hqepZ+PWp1DDpYC/VO9fmWVI1IlEaoI5fK9FXQ==
  dependencies:
    playwright "1.50.1"

fsevents@2.3.2:
  version "2.3.2"
  resolved "https://registry.yarnpkg.com/fsevents/-/fsevents-2.3.2.tgz#8a526f78b8fdf4623b709e0b975c52c24c02fd1a"
  integrity sha512-xiqMQR4xAeHTuB9uWm+fFRcIOgKBMiOBP+eXiyT7jsgVCq1bkVygt00oASowB7EdtpOHaaPgKt812P9ab+DDKA==

playwright-core@1.50.1:
  version "1.50.1"
  resolved "https://registry.yarnpkg.com/playwright-core/-/playwright-core-1.50.1.tgz#6a0484f1f1c939168f40f0ab3828c4a1592c4504"
  integrity sha512-ra9fsNWayuYumt+NiM069M6OkcRb1FZSK8bgi66AtpFoWkg2+y0bJSNmkFrWhMbEBbVKC/EruAHH3g0zmtwGmQ==

playwright@1.50.1, playwright@^1.42.1:
  version "1.50.1"
  resolved "https://registry.yarnpkg.com/playwright/-/playwright-1.50.1.tgz#2f93216511d65404f676395bfb97b41aa052b180"
  integrity sha512-G8rwsOQJ63XG6BbKj2w5rHeavFjy5zynBA9zsJMMtBoe/Uf757oG12NXz6e6OirF7RCrTVAKFXbLmn1RbL7Qaw==
  dependencies:
    playwright-core "1.50.1"
  optionalDependencies:
    fsevents "2.3.2"

semver@^7.5.4, semver@^7.7.0:
  version "7.7.1"
  resolved "https://registry.yarnpkg.com/semver/-/semver-7.7.1.tgz#abd5098d82b18c6c81f6074ff2647fd3e7220c9f"
  integrity sha512-hlq8tAfn0m/61p4BVRcPzIGr6LKiMwo4VM6dGi6pt4qcRkmNzTcWq6eCEjEh+qXjkMDvPlOFFSGwQjoEa6gyMA==

tslib@2.8.1:
  version "2.8.1"
  resolved "https://registry.yarnpkg.com/tslib/-/tslib-2.8.1.tgz#612efe4ed235d567e8aba5f2a5fab70280ade83f"
  integrity sha512-oJFu94HQb+KVduSUQL7wnpmqnfmLsOA/nAh6b6EH0wCEoK0/mPeXU6c3wKDV83MkOuHPRHtSXKKU99IBazS/2w==

typescript@5.7.3:
  version "5.7.3"
  resolved "https://registry.yarnpkg.com/typescript/-/typescript-5.7.3.tgz#919b44a7dbb8583a9b856d162be24a54bf80073e"
  integrity sha512-84MVSjMEHP+FQRPy3pX9sTVV/INIex71s9TL2Gm5FG/WG1SqXeKyZ0k7/blY/4FdOzI12CBy1vGc4og/eus0fw==

uuid@^11.0.2:
  version "11.1.0"
  resolved "https://registry.yarnpkg.com/uuid/-/uuid-11.1.0.tgz#9549028be1753bb934fc96e2bca09bb4105ae912"
  integrity sha512-0/A9rDy9P7cJ+8w1c9WD9V//9Wj15Ce2MPz8Ri6032usz+NfePxx5AcN3bN+r6ZL6jEo066/yNYB3tn4pQEx+A==

yaml@^2.3.4:
  version "2.7.0"
  resolved "https://registry.yarnpkg.com/yaml/-/yaml-2.7.0.tgz#aef9bb617a64c937a9a748803786ad8d3ffe1e98"
  integrity sha512-+hSoy/QHluxmC9kCIJyL/uyFmLmc+e5CFR5Wa+bpIhIj85LVb9ZH2nVnqrHoSvKogwODv0ClqZkmiSSaIH5LTA==
